// !$*UTF8*$!
{
	archiveVersion = 1;
	classes = {
	};
	objectVersion = 63;
	objects = {

/* Begin PBXBuildFile section */
		34D1B03A5697CF1691C468C7 /* Pods_PoseCameraTests.framework in Frameworks */ = {isa = PBXBuildFile; fileRef = 9DF85A6207C90241DECE0B78 /* Pods_PoseCameraTests.framework */; };
		B020350E2D10427600E61E49 /* StoreKit.framework in Frameworks */ = {isa = PBXBuildFile; fileRef = B020350D2D10427600E61E49 /* StoreKit.framework */; };
		B02035692D10542D00E61E49 /* PoseCameraTests.swift in Sources */ = {isa = PBXBuildFile; fileRef = B02035672D10542D00E61E49 /* PoseCameraTests.swift */; };
		B023B6A22CCE8B5B00766BB3 /* CGSize+TFLite.swift in Sources */ = {isa = PBXBuildFile; fileRef = B023B6892CCE8B5B00766BB3 /* CGSize+TFLite.swift */; };
		B023B6A32CCE8B5B00766BB3 /* CVPixelBuffer+TFLite.swift in Sources */ = {isa = PBXBuildFile; fileRef = B023B68A2CCE8B5B00766BB3 /* CVPixelBuffer+TFLite.swift */; };
		B023B6A42CCE8B5B00766BB3 /* Data+TFLite.swift in Sources */ = {isa = PBXBuildFile; fileRef = B023B68B2CCE8B5B00766BB3 /* Data+TFLite.swift */; };
		B023B6A52CCE8B5B00766BB3 /* MoveNet.swift in Sources */ = {isa = PBXBuildFile; fileRef = B023B68D2CCE8B5B00766BB3 /* MoveNet.swift */; };
		B023B6A62CCE8B5B00766BB3 /* PoseConfig.swift in Sources */ = {isa = PBXBuildFile; fileRef = B023B6902CCE8B5B00766BB3 /* PoseConfig.swift */; };
		B023B6A72CCE8B5B00766BB3 /* PoseData.swift in Sources */ = {isa = PBXBuildFile; fileRef = B023B6912CCE8B5B00766BB3 /* PoseData.swift */; };
		B023B6A82CCE8B5B00766BB3 /* PoseEstimator.swift in Sources */ = {isa = PBXBuildFile; fileRef = B023B6922CCE8B5B00766BB3 /* PoseEstimator.swift */; };
		B023B6A92CCE8B5B00766BB3 /* PoseNet.swift in Sources */ = {isa = PBXBuildFile; fileRef = B023B6942CCE8B5B00766BB3 /* PoseNet.swift */; };
		B023B6AA2CCE8B5B00766BB3 /* OverlayView.swift in Sources */ = {isa = PBXBuildFile; fileRef = B023B6982CCE8B5B00766BB3 /* OverlayView.swift */; };
		B023B6AB2CCE8B5B00766BB3 /* SimpleVideoCaptureInteractor.swift in Sources */ = {isa = PBXBuildFile; fileRef = B023B6992CCE8B5B00766BB3 /* SimpleVideoCaptureInteractor.swift */; };
		B023B6AC2CCE8B5B00766BB3 /* SimpleVideoCapturePresenter.swift in Sources */ = {isa = PBXBuildFile; fileRef = B023B69A2CCE8B5B00766BB3 /* SimpleVideoCapturePresenter.swift */; };
		B023B6AD2CCE8B5B00766BB3 /* SimpleVideoCaptureView.swift in Sources */ = {isa = PBXBuildFile; fileRef = B023B69B2CCE8B5B00766BB3 /* SimpleVideoCaptureView.swift */; };
		B023B6B02CCE8B5B00766BB3 /* PoseCameraApp.swift in Sources */ = {isa = PBXBuildFile; fileRef = B023B6A02CCE8B5B00766BB3 /* PoseCameraApp.swift */; };
		B023B6B12CCE8B5B00766BB3 /* movenet_lightning.tflite in Resources */ = {isa = PBXBuildFile; fileRef = B023B68E2CCE8B5B00766BB3 /* movenet_lightning.tflite */; };
		B023B6B22CCE8B5B00766BB3 /* movenet_thunder.tflite in Resources */ = {isa = PBXBuildFile; fileRef = B023B68F2CCE8B5B00766BB3 /* movenet_thunder.tflite */; };
		B023B6B32CCE8B5B00766BB3 /* posenet.tflite in Resources */ = {isa = PBXBuildFile; fileRef = B023B6932CCE8B5B00766BB3 /* posenet.tflite */; };
		B023B6B42CCE8B5B00766BB3 /* Preview Assets.xcassets in Resources */ = {isa = PBXBuildFile; fileRef = B023B6962CCE8B5B00766BB3 /* Preview Assets.xcassets */; };
		B023B6B52CCE8B5B00766BB3 /* Assets.xcassets in Resources */ = {isa = PBXBuildFile; fileRef = B023B69D2CCE8B5B00766BB3 /* Assets.xcassets */; };
		B023B6BC2CCE8B6000766BB3 /* PoseCameraUITests.swift in Sources */ = {isa = PBXBuildFile; fileRef = B023B6B92CCE8B6000766BB3 /* PoseCameraUITests.swift */; };
		B023B6BD2CCE8B6000766BB3 /* PoseCameraUITestsLaunchTests.swift in Sources */ = {isa = PBXBuildFile; fileRef = B023B6BA2CCE8B6000766BB3 /* PoseCameraUITestsLaunchTests.swift */; };
		B053839E2D0EC845004D889D /* ContactView.swift in Sources */ = {isa = PBXBuildFile; fileRef = B053839D2D0EC842004D889D /* ContactView.swift */; };
		B05383A02D0ED05C004D889D /* DonateView.swift in Sources */ = {isa = PBXBuildFile; fileRef = B053839F2D0ED058004D889D /* DonateView.swift */; };
		B0AD6E5C2D119C6700EC73D3 /* Confetti in Frameworks */ = {isa = PBXBuildFile; productRef = B0AD6E5B2D119C6700EC73D3 /* Confetti */; };
		B0AD6E5E2D15AF7900EC73D3 /* Localizable.xcstrings in Resources */ = {isa = PBXBuildFile; fileRef = B0AD6E5D2D15AF7900EC73D3 /* Localizable.xcstrings */; };
		D57EC203B0BA1756B0C8B05F /* Pods_PoseCamera.framework in Frameworks */ = {isa = PBXBuildFile; fileRef = AF2B46F5EF2CAE4AF48F05B1 /* Pods_PoseCamera.framework */; };
		FDD796D390C27A9E2A15134B /* Pods_PoseCamera_PoseCameraUITests.framework in Frameworks */ = {isa = PBXBuildFile; fileRef = C5896A02CADC9FDB247FDA8D /* Pods_PoseCamera_PoseCameraUITests.framework */; };
/* End PBXBuildFile section */

/* Begin PBXContainerItemProxy section */
		B005AE832CCD2A3000482E55 /* PBXContainerItemProxy */ = {
			isa = PBXContainerItemProxy;
			containerPortal = B005AE682CCD2A2E00482E55 /* Project object */;
			proxyType = 1;
			remoteGlobalIDString = B005AE6F2CCD2A2E00482E55;
			remoteInfo = PoseCamera;
		};
		B005AE8D2CCD2A3000482E55 /* PBXContainerItemProxy */ = {
			isa = PBXContainerItemProxy;
			containerPortal = B005AE682CCD2A2E00482E55 /* Project object */;
			proxyType = 1;
			remoteGlobalIDString = B005AE6F2CCD2A2E00482E55;
			remoteInfo = PoseCamera;
		};
/* End PBXContainerItemProxy section */

/* Begin PBXFileReference section */
		2559952EB0AB54CF63484BB2 /* Pods-PoseCameraTests.release.xcconfig */ = {isa = PBXFileReference; includeInIndex = 1; lastKnownFileType = text.xcconfig; name = "Pods-PoseCameraTests.release.xcconfig"; path = "Target Support Files/Pods-PoseCameraTests/Pods-PoseCameraTests.release.xcconfig"; sourceTree = "<group>"; };
		3B62C5F17380A497E8121291 /* Pods-PoseCameraTests.debug.xcconfig */ = {isa = PBXFileReference; includeInIndex = 1; lastKnownFileType = text.xcconfig; name = "Pods-PoseCameraTests.debug.xcconfig"; path = "Target Support Files/Pods-PoseCameraTests/Pods-PoseCameraTests.debug.xcconfig"; sourceTree = "<group>"; };
		57569958791BF3EF1F975696 /* Pods-PoseCamera.release.xcconfig */ = {isa = PBXFileReference; includeInIndex = 1; lastKnownFileType = text.xcconfig; name = "Pods-PoseCamera.release.xcconfig"; path = "Target Support Files/Pods-PoseCamera/Pods-PoseCamera.release.xcconfig"; sourceTree = "<group>"; };
		9DF85A6207C90241DECE0B78 /* Pods_PoseCameraTests.framework */ = {isa = PBXFileReference; explicitFileType = wrapper.framework; includeInIndex = 0; path = Pods_PoseCameraTests.framework; sourceTree = BUILT_PRODUCTS_DIR; };
		AF2B46F5EF2CAE4AF48F05B1 /* Pods_PoseCamera.framework */ = {isa = PBXFileReference; explicitFileType = wrapper.framework; includeInIndex = 0; path = Pods_PoseCamera.framework; sourceTree = BUILT_PRODUCTS_DIR; };
		B005AE702CCD2A2E00482E55 /* PoseCamera.app */ = {isa = PBXFileReference; explicitFileType = wrapper.application; includeInIndex = 0; path = PoseCamera.app; sourceTree = BUILT_PRODUCTS_DIR; };
		B005AE822CCD2A3000482E55 /* PoseCameraTests.xctest */ = {isa = PBXFileReference; explicitFileType = wrapper.cfbundle; includeInIndex = 0; path = PoseCameraTests.xctest; sourceTree = BUILT_PRODUCTS_DIR; };
		B005AE8C2CCD2A3000482E55 /* PoseCameraUITests.xctest */ = {isa = PBXFileReference; explicitFileType = wrapper.cfbundle; includeInIndex = 0; path = PoseCameraUITests.xctest; sourceTree = BUILT_PRODUCTS_DIR; };
		B020350C2D103F8B00E61E49 /* StorekitConfig.storekit */ = {isa = PBXFileReference; lastKnownFileType = text; path = StorekitConfig.storekit; sourceTree = "<group>"; };
		B020350D2D10427600E61E49 /* StoreKit.framework */ = {isa = PBXFileReference; lastKnownFileType = wrapper.framework; name = StoreKit.framework; path = System/Library/Frameworks/StoreKit.framework; sourceTree = SDKROOT; };
		B02035102D1045CA00E61E49 /* TensorFlowLiteC.xcframework */ = {isa = PBXFileReference; lastKnownFileType = wrapper.xcframework; path = TensorFlowLiteC.xcframework; sourceTree = "<group>"; };
		B02035112D1045CA00E61E49 /* TensorFlowLiteCCoreML.xcframework */ = {isa = PBXFileReference; lastKnownFileType = wrapper.xcframework; path = TensorFlowLiteCCoreML.xcframework; sourceTree = "<group>"; };
		B02035122D1045CA00E61E49 /* TensorFlowLiteCMetal.xcframework */ = {isa = PBXFileReference; lastKnownFileType = wrapper.xcframework; path = TensorFlowLiteCMetal.xcframework; sourceTree = "<group>"; };
		B02035152D1045CA00E61E49 /* CoreMLDelegate.swift */ = {isa = PBXFileReference; lastKnownFileType = sourcecode.swift; path = CoreMLDelegate.swift; sourceTree = "<group>"; };
		B02035162D1045CA00E61E49 /* Delegate.swift */ = {isa = PBXFileReference; lastKnownFileType = sourcecode.swift; path = Delegate.swift; sourceTree = "<group>"; };
		B02035172D1045CA00E61E49 /* Interpreter.swift */ = {isa = PBXFileReference; lastKnownFileType = sourcecode.swift; path = Interpreter.swift; sourceTree = "<group>"; };
		B02035182D1045CA00E61E49 /* InterpreterError.swift */ = {isa = PBXFileReference; lastKnownFileType = sourcecode.swift; path = InterpreterError.swift; sourceTree = "<group>"; };
		B02035192D1045CA00E61E49 /* MetalDelegate.swift */ = {isa = PBXFileReference; lastKnownFileType = sourcecode.swift; path = MetalDelegate.swift; sourceTree = "<group>"; };
		B020351A2D1045CA00E61E49 /* Model.swift */ = {isa = PBXFileReference; lastKnownFileType = sourcecode.swift; path = Model.swift; sourceTree = "<group>"; };
		B020351B2D1045CA00E61E49 /* QuantizationParameters.swift */ = {isa = PBXFileReference; lastKnownFileType = sourcecode.swift; path = QuantizationParameters.swift; sourceTree = "<group>"; };
		B020351C2D1045CA00E61E49 /* SignatureRunner.swift */ = {isa = PBXFileReference; lastKnownFileType = sourcecode.swift; path = SignatureRunner.swift; sourceTree = "<group>"; };
		B020351D2D1045CA00E61E49 /* SignatureRunnerError.swift */ = {isa = PBXFileReference; lastKnownFileType = sourcecode.swift; path = SignatureRunnerError.swift; sourceTree = "<group>"; };
		B020351E2D1045CA00E61E49 /* Tensor.swift */ = {isa = PBXFileReference; lastKnownFileType = sourcecode.swift; path = Tensor.swift; sourceTree = "<group>"; };
		B020351F2D1045CA00E61E49 /* TensorFlowLite.swift */ = {isa = PBXFileReference; lastKnownFileType = sourcecode.swift; path = TensorFlowLite.swift; sourceTree = "<group>"; };
		B02035212D1045CA00E61E49 /* PrivacyInfo.xcprivacy */ = {isa = PBXFileReference; lastKnownFileType = text.xml; path = PrivacyInfo.xcprivacy; sourceTree = "<group>"; };
		B02035252D1045CA00E61E49 /* LICENSE */ = {isa = PBXFileReference; lastKnownFileType = text; path = LICENSE; sourceTree = "<group>"; };
		B02035262D1045CA00E61E49 /* README.md */ = {isa = PBXFileReference; lastKnownFileType = net.daringfireball.markdown; path = README.md; sourceTree = "<group>"; };
		B02035292D1045CA00E61E49 /* LiteRTC-xcframeworks.sh */ = {isa = PBXFileReference; lastKnownFileType = text.script.sh; path = "LiteRTC-xcframeworks.sh"; sourceTree = "<group>"; };
		B020352A2D1045CA00E61E49 /* LiteRTC-xcframeworks-input-files.xcfilelist */ = {isa = PBXFileReference; lastKnownFileType = text.xcfilelist; path = "LiteRTC-xcframeworks-input-files.xcfilelist"; sourceTree = "<group>"; };
		B020352B2D1045CA00E61E49 /* LiteRTC-xcframeworks-output-files.xcfilelist */ = {isa = PBXFileReference; lastKnownFileType = text.xcfilelist; path = "LiteRTC-xcframeworks-output-files.xcfilelist"; sourceTree = "<group>"; };
		B020352C2D1045CA00E61E49 /* LiteRTC.debug.xcconfig */ = {isa = PBXFileReference; lastKnownFileType = text.xcconfig; path = LiteRTC.debug.xcconfig; sourceTree = "<group>"; };
		B020352D2D1045CA00E61E49 /* LiteRTC.release.xcconfig */ = {isa = PBXFileReference; lastKnownFileType = text.xcconfig; path = LiteRTC.release.xcconfig; sourceTree = "<group>"; };
		B020352E2D1045CA00E61E49 /* ResourceBundle-TensorFlowLiteC-LiteRTC-Info.plist */ = {isa = PBXFileReference; lastKnownFileType = text.plist.xml; path = "ResourceBundle-TensorFlowLiteC-LiteRTC-Info.plist"; sourceTree = "<group>"; };
		B020352F2D1045CA00E61E49 /* ResourceBundle-TensorFlowLiteCCoreML-LiteRTC-Info.plist */ = {isa = PBXFileReference; lastKnownFileType = text.plist.xml; path = "ResourceBundle-TensorFlowLiteCCoreML-LiteRTC-Info.plist"; sourceTree = "<group>"; };
		B02035302D1045CA00E61E49 /* ResourceBundle-TensorFlowLiteCMetal-LiteRTC-Info.plist */ = {isa = PBXFileReference; lastKnownFileType = text.plist.xml; path = "ResourceBundle-TensorFlowLiteCMetal-LiteRTC-Info.plist"; sourceTree = "<group>"; };
		B02035322D1045CA00E61E49 /* LiteRTSwift.modulemap */ = {isa = PBXFileReference; lastKnownFileType = "sourcecode.module-map"; path = LiteRTSwift.modulemap; sourceTree = "<group>"; };
		B02035332D1045CA00E61E49 /* LiteRTSwift-dummy.m */ = {isa = PBXFileReference; lastKnownFileType = sourcecode.c.objc; path = "LiteRTSwift-dummy.m"; sourceTree = "<group>"; };
		B02035342D1045CA00E61E49 /* LiteRTSwift-Info.plist */ = {isa = PBXFileReference; lastKnownFileType = text.plist.xml; path = "LiteRTSwift-Info.plist"; sourceTree = "<group>"; };
		B02035352D1045CA00E61E49 /* LiteRTSwift-prefix.pch */ = {isa = PBXFileReference; lastKnownFileType = sourcecode.c.h; path = "LiteRTSwift-prefix.pch"; sourceTree = "<group>"; };
		B02035362D1045CA00E61E49 /* LiteRTSwift-umbrella.h */ = {isa = PBXFileReference; lastKnownFileType = sourcecode.c.h; path = "LiteRTSwift-umbrella.h"; sourceTree = "<group>"; };
		B02035372D1045CA00E61E49 /* LiteRTSwift.debug.xcconfig */ = {isa = PBXFileReference; lastKnownFileType = text.xcconfig; path = LiteRTSwift.debug.xcconfig; sourceTree = "<group>"; };
		B02035382D1045CA00E61E49 /* LiteRTSwift.release.xcconfig */ = {isa = PBXFileReference; lastKnownFileType = text.xcconfig; path = LiteRTSwift.release.xcconfig; sourceTree = "<group>"; };
		B02035392D1045CA00E61E49 /* ResourceBundle-TensorFlowLite-LiteRTSwift-Info.plist */ = {isa = PBXFileReference; lastKnownFileType = text.plist.xml; path = "ResourceBundle-TensorFlowLite-LiteRTSwift-Info.plist"; sourceTree = "<group>"; };
		B020353B2D1045CA00E61E49 /* Pods-PoseCamera.modulemap */ = {isa = PBXFileReference; lastKnownFileType = "sourcecode.module-map"; path = "Pods-PoseCamera.modulemap"; sourceTree = "<group>"; };
		B020353C2D1045CA00E61E49 /* Pods-PoseCamera-acknowledgements.markdown */ = {isa = PBXFileReference; lastKnownFileType = net.daringfireball.markdown; path = "Pods-PoseCamera-acknowledgements.markdown"; sourceTree = "<group>"; };
		B020353D2D1045CA00E61E49 /* Pods-PoseCamera-acknowledgements.plist */ = {isa = PBXFileReference; lastKnownFileType = text.plist.xml; path = "Pods-PoseCamera-acknowledgements.plist"; sourceTree = "<group>"; };
		B020353E2D1045CA00E61E49 /* Pods-PoseCamera-dummy.m */ = {isa = PBXFileReference; lastKnownFileType = sourcecode.c.objc; path = "Pods-PoseCamera-dummy.m"; sourceTree = "<group>"; };
		B020353F2D1045CA00E61E49 /* Pods-PoseCamera-Info.plist */ = {isa = PBXFileReference; lastKnownFileType = text.plist.xml; path = "Pods-PoseCamera-Info.plist"; sourceTree = "<group>"; };
		B02035402D1045CA00E61E49 /* Pods-PoseCamera-resources.sh */ = {isa = PBXFileReference; lastKnownFileType = text.script.sh; path = "Pods-PoseCamera-resources.sh"; sourceTree = "<group>"; };
		B02035412D1045CA00E61E49 /* Pods-PoseCamera-resources-Debug-input-files.xcfilelist */ = {isa = PBXFileReference; lastKnownFileType = text.xcfilelist; path = "Pods-PoseCamera-resources-Debug-input-files.xcfilelist"; sourceTree = "<group>"; };
		B02035422D1045CA00E61E49 /* Pods-PoseCamera-resources-Debug-output-files.xcfilelist */ = {isa = PBXFileReference; lastKnownFileType = text.xcfilelist; path = "Pods-PoseCamera-resources-Debug-output-files.xcfilelist"; sourceTree = "<group>"; };
		B02035432D1045CA00E61E49 /* Pods-PoseCamera-resources-Release-input-files.xcfilelist */ = {isa = PBXFileReference; lastKnownFileType = text.xcfilelist; path = "Pods-PoseCamera-resources-Release-input-files.xcfilelist"; sourceTree = "<group>"; };
		B02035442D1045CA00E61E49 /* Pods-PoseCamera-resources-Release-output-files.xcfilelist */ = {isa = PBXFileReference; lastKnownFileType = text.xcfilelist; path = "Pods-PoseCamera-resources-Release-output-files.xcfilelist"; sourceTree = "<group>"; };
		B02035452D1045CA00E61E49 /* Pods-PoseCamera-umbrella.h */ = {isa = PBXFileReference; lastKnownFileType = sourcecode.c.h; path = "Pods-PoseCamera-umbrella.h"; sourceTree = "<group>"; };
		B02035462D1045CA00E61E49 /* Pods-PoseCamera.debug.xcconfig */ = {isa = PBXFileReference; lastKnownFileType = text.xcconfig; path = "Pods-PoseCamera.debug.xcconfig"; sourceTree = "<group>"; };
		B02035472D1045CA00E61E49 /* Pods-PoseCamera.release.xcconfig */ = {isa = PBXFileReference; lastKnownFileType = text.xcconfig; path = "Pods-PoseCamera.release.xcconfig"; sourceTree = "<group>"; };
		B02035492D1045CA00E61E49 /* Pods-PoseCamera-PoseCameraUITests.modulemap */ = {isa = PBXFileReference; lastKnownFileType = "sourcecode.module-map"; path = "Pods-PoseCamera-PoseCameraUITests.modulemap"; sourceTree = "<group>"; };
		B020354A2D1045CA00E61E49 /* Pods-PoseCamera-PoseCameraUITests-acknowledgements.markdown */ = {isa = PBXFileReference; lastKnownFileType = net.daringfireball.markdown; path = "Pods-PoseCamera-PoseCameraUITests-acknowledgements.markdown"; sourceTree = "<group>"; };
		B020354B2D1045CA00E61E49 /* Pods-PoseCamera-PoseCameraUITests-acknowledgements.plist */ = {isa = PBXFileReference; lastKnownFileType = text.plist.xml; path = "Pods-PoseCamera-PoseCameraUITests-acknowledgements.plist"; sourceTree = "<group>"; };
		B020354C2D1045CA00E61E49 /* Pods-PoseCamera-PoseCameraUITests-dummy.m */ = {isa = PBXFileReference; lastKnownFileType = sourcecode.c.objc; path = "Pods-PoseCamera-PoseCameraUITests-dummy.m"; sourceTree = "<group>"; };
		B020354D2D1045CA00E61E49 /* Pods-PoseCamera-PoseCameraUITests-Info.plist */ = {isa = PBXFileReference; lastKnownFileType = text.plist.xml; path = "Pods-PoseCamera-PoseCameraUITests-Info.plist"; sourceTree = "<group>"; };
		B020354E2D1045CA00E61E49 /* Pods-PoseCamera-PoseCameraUITests-resources.sh */ = {isa = PBXFileReference; lastKnownFileType = text.script.sh; path = "Pods-PoseCamera-PoseCameraUITests-resources.sh"; sourceTree = "<group>"; };
		B020354F2D1045CA00E61E49 /* Pods-PoseCamera-PoseCameraUITests-resources-Debug-input-files.xcfilelist */ = {isa = PBXFileReference; lastKnownFileType = text.xcfilelist; path = "Pods-PoseCamera-PoseCameraUITests-resources-Debug-input-files.xcfilelist"; sourceTree = "<group>"; };
		B02035502D1045CA00E61E49 /* Pods-PoseCamera-PoseCameraUITests-resources-Debug-output-files.xcfilelist */ = {isa = PBXFileReference; lastKnownFileType = text.xcfilelist; path = "Pods-PoseCamera-PoseCameraUITests-resources-Debug-output-files.xcfilelist"; sourceTree = "<group>"; };
		B02035512D1045CA00E61E49 /* Pods-PoseCamera-PoseCameraUITests-resources-Release-input-files.xcfilelist */ = {isa = PBXFileReference; lastKnownFileType = text.xcfilelist; path = "Pods-PoseCamera-PoseCameraUITests-resources-Release-input-files.xcfilelist"; sourceTree = "<group>"; };
		B02035522D1045CA00E61E49 /* Pods-PoseCamera-PoseCameraUITests-resources-Release-output-files.xcfilelist */ = {isa = PBXFileReference; lastKnownFileType = text.xcfilelist; path = "Pods-PoseCamera-PoseCameraUITests-resources-Release-output-files.xcfilelist"; sourceTree = "<group>"; };
		B02035532D1045CA00E61E49 /* Pods-PoseCamera-PoseCameraUITests-umbrella.h */ = {isa = PBXFileReference; lastKnownFileType = sourcecode.c.h; path = "Pods-PoseCamera-PoseCameraUITests-umbrella.h"; sourceTree = "<group>"; };
		B02035542D1045CA00E61E49 /* Pods-PoseCamera-PoseCameraUITests.debug.xcconfig */ = {isa = PBXFileReference; lastKnownFileType = text.xcconfig; path = "Pods-PoseCamera-PoseCameraUITests.debug.xcconfig"; sourceTree = "<group>"; };
		B02035552D1045CA00E61E49 /* Pods-PoseCamera-PoseCameraUITests.release.xcconfig */ = {isa = PBXFileReference; lastKnownFileType = text.xcconfig; path = "Pods-PoseCamera-PoseCameraUITests.release.xcconfig"; sourceTree = "<group>"; };
		B02035572D1045CA00E61E49 /* Pods-PoseCameraTests.modulemap */ = {isa = PBXFileReference; lastKnownFileType = "sourcecode.module-map"; path = "Pods-PoseCameraTests.modulemap"; sourceTree = "<group>"; };
		B02035582D1045CA00E61E49 /* Pods-PoseCameraTests-acknowledgements.markdown */ = {isa = PBXFileReference; lastKnownFileType = net.daringfireball.markdown; path = "Pods-PoseCameraTests-acknowledgements.markdown"; sourceTree = "<group>"; };
		B02035592D1045CA00E61E49 /* Pods-PoseCameraTests-acknowledgements.plist */ = {isa = PBXFileReference; lastKnownFileType = text.plist.xml; path = "Pods-PoseCameraTests-acknowledgements.plist"; sourceTree = "<group>"; };
		B020355A2D1045CA00E61E49 /* Pods-PoseCameraTests-dummy.m */ = {isa = PBXFileReference; lastKnownFileType = sourcecode.c.objc; path = "Pods-PoseCameraTests-dummy.m"; sourceTree = "<group>"; };
		B020355B2D1045CA00E61E49 /* Pods-PoseCameraTests-Info.plist */ = {isa = PBXFileReference; lastKnownFileType = text.plist.xml; path = "Pods-PoseCameraTests-Info.plist"; sourceTree = "<group>"; };
		B020355C2D1045CA00E61E49 /* Pods-PoseCameraTests-umbrella.h */ = {isa = PBXFileReference; lastKnownFileType = sourcecode.c.h; path = "Pods-PoseCameraTests-umbrella.h"; sourceTree = "<group>"; };
		B020355D2D1045CA00E61E49 /* Pods-PoseCameraTests.debug.xcconfig */ = {isa = PBXFileReference; lastKnownFileType = text.xcconfig; path = "Pods-PoseCameraTests.debug.xcconfig"; sourceTree = "<group>"; };
		B020355E2D1045CA00E61E49 /* Pods-PoseCameraTests.release.xcconfig */ = {isa = PBXFileReference; lastKnownFileType = text.xcconfig; path = "Pods-PoseCameraTests.release.xcconfig"; sourceTree = "<group>"; };
		B02035612D1045CA00E61E49 /* Manifest.lock */ = {isa = PBXFileReference; lastKnownFileType = text; path = Manifest.lock; sourceTree = "<group>"; };
		B02035672D10542D00E61E49 /* PoseCameraTests.swift */ = {isa = PBXFileReference; lastKnownFileType = sourcecode.swift; path = PoseCameraTests.swift; sourceTree = "<group>"; };
		B023B6892CCE8B5B00766BB3 /* CGSize+TFLite.swift */ = {isa = PBXFileReference; lastKnownFileType = sourcecode.swift; path = "CGSize+TFLite.swift"; sourceTree = "<group>"; };
		B023B68A2CCE8B5B00766BB3 /* CVPixelBuffer+TFLite.swift */ = {isa = PBXFileReference; lastKnownFileType = sourcecode.swift; path = "CVPixelBuffer+TFLite.swift"; sourceTree = "<group>"; };
		B023B68B2CCE8B5B00766BB3 /* Data+TFLite.swift */ = {isa = PBXFileReference; lastKnownFileType = sourcecode.swift; path = "Data+TFLite.swift"; sourceTree = "<group>"; };
		B023B68D2CCE8B5B00766BB3 /* MoveNet.swift */ = {isa = PBXFileReference; lastKnownFileType = sourcecode.swift; path = MoveNet.swift; sourceTree = "<group>"; };
		B023B68E2CCE8B5B00766BB3 /* movenet_lightning.tflite */ = {isa = PBXFileReference; lastKnownFileType = file; path = movenet_lightning.tflite; sourceTree = "<group>"; };
		B023B68F2CCE8B5B00766BB3 /* movenet_thunder.tflite */ = {isa = PBXFileReference; lastKnownFileType = file; path = movenet_thunder.tflite; sourceTree = "<group>"; };
		B023B6902CCE8B5B00766BB3 /* PoseConfig.swift */ = {isa = PBXFileReference; lastKnownFileType = sourcecode.swift; path = PoseConfig.swift; sourceTree = "<group>"; };
		B023B6912CCE8B5B00766BB3 /* PoseData.swift */ = {isa = PBXFileReference; lastKnownFileType = sourcecode.swift; path = PoseData.swift; sourceTree = "<group>"; };
		B023B6922CCE8B5B00766BB3 /* PoseEstimator.swift */ = {isa = PBXFileReference; lastKnownFileType = sourcecode.swift; path = PoseEstimator.swift; sourceTree = "<group>"; };
		B023B6932CCE8B5B00766BB3 /* posenet.tflite */ = {isa = PBXFileReference; lastKnownFileType = file; path = posenet.tflite; sourceTree = "<group>"; };
		B023B6942CCE8B5B00766BB3 /* PoseNet.swift */ = {isa = PBXFileReference; lastKnownFileType = sourcecode.swift; path = PoseNet.swift; sourceTree = "<group>"; };
		B023B6962CCE8B5B00766BB3 /* Preview Assets.xcassets */ = {isa = PBXFileReference; lastKnownFileType = folder.assetcatalog; path = "Preview Assets.xcassets"; sourceTree = "<group>"; };
		B023B6982CCE8B5B00766BB3 /* OverlayView.swift */ = {isa = PBXFileReference; lastKnownFileType = sourcecode.swift; path = OverlayView.swift; sourceTree = "<group>"; };
		B023B6992CCE8B5B00766BB3 /* SimpleVideoCaptureInteractor.swift */ = {isa = PBXFileReference; lastKnownFileType = sourcecode.swift; path = SimpleVideoCaptureInteractor.swift; sourceTree = "<group>"; };
		B023B69A2CCE8B5B00766BB3 /* SimpleVideoCapturePresenter.swift */ = {isa = PBXFileReference; lastKnownFileType = sourcecode.swift; path = SimpleVideoCapturePresenter.swift; sourceTree = "<group>"; };
		B023B69B2CCE8B5B00766BB3 /* SimpleVideoCaptureView.swift */ = {isa = PBXFileReference; lastKnownFileType = sourcecode.swift; path = SimpleVideoCaptureView.swift; sourceTree = "<group>"; };
		B023B69D2CCE8B5B00766BB3 /* Assets.xcassets */ = {isa = PBXFileReference; lastKnownFileType = folder.assetcatalog; path = Assets.xcassets; sourceTree = "<group>"; };
		B023B6A02CCE8B5B00766BB3 /* PoseCameraApp.swift */ = {isa = PBXFileReference; lastKnownFileType = sourcecode.swift; path = PoseCameraApp.swift; sourceTree = "<group>"; };
		B023B6B92CCE8B6000766BB3 /* PoseCameraUITests.swift */ = {isa = PBXFileReference; lastKnownFileType = sourcecode.swift; path = PoseCameraUITests.swift; sourceTree = "<group>"; };
		B023B6BA2CCE8B6000766BB3 /* PoseCameraUITestsLaunchTests.swift */ = {isa = PBXFileReference; lastKnownFileType = sourcecode.swift; path = PoseCameraUITestsLaunchTests.swift; sourceTree = "<group>"; };
		B053839D2D0EC842004D889D /* ContactView.swift */ = {isa = PBXFileReference; lastKnownFileType = sourcecode.swift; path = ContactView.swift; sourceTree = "<group>"; };
		B053839F2D0ED058004D889D /* DonateView.swift */ = {isa = PBXFileReference; lastKnownFileType = sourcecode.swift; path = DonateView.swift; sourceTree = "<group>"; };
		B0AD6E5D2D15AF7900EC73D3 /* Localizable.xcstrings */ = {isa = PBXFileReference; lastKnownFileType = text.json.xcstrings; path = Localizable.xcstrings; sourceTree = "<group>"; };
		B0AD6E5F2D1661F600EC73D3 /* Info.plist */ = {isa = PBXFileReference; lastKnownFileType = text.plist; path = Info.plist; sourceTree = "<group>"; };
		BB16055E59065A9CC8145FCC /* Pods-PoseCamera.debug.xcconfig */ = {isa = PBXFileReference; includeInIndex = 1; lastKnownFileType = text.xcconfig; name = "Pods-PoseCamera.debug.xcconfig"; path = "Target Support Files/Pods-PoseCamera/Pods-PoseCamera.debug.xcconfig"; sourceTree = "<group>"; };
		C5896A02CADC9FDB247FDA8D /* Pods_PoseCamera_PoseCameraUITests.framework */ = {isa = PBXFileReference; explicitFileType = wrapper.framework; includeInIndex = 0; path = Pods_PoseCamera_PoseCameraUITests.framework; sourceTree = BUILT_PRODUCTS_DIR; };
		D90700BAC735A53FEFD86111 /* Pods-PoseCamera-PoseCameraUITests.release.xcconfig */ = {isa = PBXFileReference; includeInIndex = 1; lastKnownFileType = text.xcconfig; name = "Pods-PoseCamera-PoseCameraUITests.release.xcconfig"; path = "Target Support Files/Pods-PoseCamera-PoseCameraUITests/Pods-PoseCamera-PoseCameraUITests.release.xcconfig"; sourceTree = "<group>"; };
		FBAD43D1910AD3CA1D23132B /* Pods-PoseCamera-PoseCameraUITests.debug.xcconfig */ = {isa = PBXFileReference; includeInIndex = 1; lastKnownFileType = text.xcconfig; name = "Pods-PoseCamera-PoseCameraUITests.debug.xcconfig"; path = "Target Support Files/Pods-PoseCamera-PoseCameraUITests/Pods-PoseCamera-PoseCameraUITests.debug.xcconfig"; sourceTree = "<group>"; };
/* End PBXFileReference section */

/* Begin PBXFrameworksBuildPhase section */
		B005AE6D2CCD2A2E00482E55 /* Frameworks */ = {
			isa = PBXFrameworksBuildPhase;
			buildActionMask = 2147483647;
			files = (
				D57EC203B0BA1756B0C8B05F /* Pods_PoseCamera.framework in Frameworks */,
				B0AD6E5C2D119C6700EC73D3 /* Confetti in Frameworks */,
				B020350E2D10427600E61E49 /* StoreKit.framework in Frameworks */,
			);
			runOnlyForDeploymentPostprocessing = 0;
		};
		B005AE7F2CCD2A3000482E55 /* Frameworks */ = {
			isa = PBXFrameworksBuildPhase;
			buildActionMask = 2147483647;
			files = (
				34D1B03A5697CF1691C468C7 /* Pods_PoseCameraTests.framework in Frameworks */,
			);
			runOnlyForDeploymentPostprocessing = 0;
		};
		B005AE892CCD2A3000482E55 /* Frameworks */ = {
			isa = PBXFrameworksBuildPhase;
			buildActionMask = 2147483647;
			files = (
				FDD796D390C27A9E2A15134B /* Pods_PoseCamera_PoseCameraUITests.framework in Frameworks */,
			);
			runOnlyForDeploymentPostprocessing = 0;
		};
/* End PBXFrameworksBuildPhase section */

/* Begin PBXGroup section */
		54764EDA2A4821646FF36E99 /* Frameworks */ = {
			isa = PBXGroup;
			children = (
				B02035622D1045CA00E61E49 /* Pods */,
				B020350D2D10427600E61E49 /* StoreKit.framework */,
				AF2B46F5EF2CAE4AF48F05B1 /* Pods_PoseCamera.framework */,
				C5896A02CADC9FDB247FDA8D /* Pods_PoseCamera_PoseCameraUITests.framework */,
				9DF85A6207C90241DECE0B78 /* Pods_PoseCameraTests.framework */,
			);
			name = Frameworks;
			sourceTree = "<group>";
		};
		7795E7DAB164E69AB5335CC4 /* Pods */ = {
			isa = PBXGroup;
			children = (
				BB16055E59065A9CC8145FCC /* Pods-PoseCamera.debug.xcconfig */,
				57569958791BF3EF1F975696 /* Pods-PoseCamera.release.xcconfig */,
				FBAD43D1910AD3CA1D23132B /* Pods-PoseCamera-PoseCameraUITests.debug.xcconfig */,
				D90700BAC735A53FEFD86111 /* Pods-PoseCamera-PoseCameraUITests.release.xcconfig */,
				3B62C5F17380A497E8121291 /* Pods-PoseCameraTests.debug.xcconfig */,
				2559952EB0AB54CF63484BB2 /* Pods-PoseCameraTests.release.xcconfig */,
			);
			path = Pods;
			sourceTree = "<group>";
		};
		B005AE672CCD2A2E00482E55 = {
			isa = PBXGroup;
			children = (
				B020350C2D103F8B00E61E49 /* StorekitConfig.storekit */,
				B0AD6E5D2D15AF7900EC73D3 /* Localizable.xcstrings */,
				B023B6A12CCE8B5B00766BB3 /* PoseCamera */,
				B02035682D10542D00E61E49 /* PoseCameraTests */,
				B023B6BB2CCE8B6000766BB3 /* PoseCameraUITests */,
				B005AE712CCD2A2E00482E55 /* Products */,
				54764EDA2A4821646FF36E99 /* Frameworks */,
				7795E7DAB164E69AB5335CC4 /* Pods */,
			);
			sourceTree = "<group>";
		};
		B005AE712CCD2A2E00482E55 /* Products */ = {
			isa = PBXGroup;
			children = (
				B005AE702CCD2A2E00482E55 /* PoseCamera.app */,
				B005AE822CCD2A3000482E55 /* PoseCameraTests.xctest */,
				B005AE8C2CCD2A3000482E55 /* PoseCameraUITests.xctest */,
			);
			name = Products;
			sourceTree = "<group>";
		};
		B020350F2D1045CA00E61E49 /* Headers */ = {
			isa = PBXGroup;
			children = (
			);
			path = Headers;
			sourceTree = "<group>";
		};
		B02035132D1045CA00E61E49 /* Frameworks */ = {
			isa = PBXGroup;
			children = (
				B02035102D1045CA00E61E49 /* TensorFlowLiteC.xcframework */,
				B02035112D1045CA00E61E49 /* TensorFlowLiteCCoreML.xcframework */,
				B02035122D1045CA00E61E49 /* TensorFlowLiteCMetal.xcframework */,
			);
			path = Frameworks;
			sourceTree = "<group>";
		};
		B02035142D1045CA00E61E49 /* LiteRTC */ = {
			isa = PBXGroup;
			children = (
				B02035132D1045CA00E61E49 /* Frameworks */,
			);
			path = LiteRTC;
			sourceTree = "<group>";
		};
		B02035202D1045CA00E61E49 /* Sources */ = {
			isa = PBXGroup;
			children = (
				B02035152D1045CA00E61E49 /* CoreMLDelegate.swift */,
				B02035162D1045CA00E61E49 /* Delegate.swift */,
				B02035172D1045CA00E61E49 /* Interpreter.swift */,
				B02035182D1045CA00E61E49 /* InterpreterError.swift */,
				B02035192D1045CA00E61E49 /* MetalDelegate.swift */,
				B020351A2D1045CA00E61E49 /* Model.swift */,
				B020351B2D1045CA00E61E49 /* QuantizationParameters.swift */,
				B020351C2D1045CA00E61E49 /* SignatureRunner.swift */,
				B020351D2D1045CA00E61E49 /* SignatureRunnerError.swift */,
				B020351E2D1045CA00E61E49 /* Tensor.swift */,
				B020351F2D1045CA00E61E49 /* TensorFlowLite.swift */,
			);
			path = Sources;
			sourceTree = "<group>";
		};
		B02035222D1045CA00E61E49 /* swift */ = {
			isa = PBXGroup;
			children = (
				B02035202D1045CA00E61E49 /* Sources */,
				B02035212D1045CA00E61E49 /* PrivacyInfo.xcprivacy */,
			);
			path = swift;
			sourceTree = "<group>";
		};
		B02035232D1045CA00E61E49 /* lite */ = {
			isa = PBXGroup;
			children = (
				B02035222D1045CA00E61E49 /* swift */,
			);
			path = lite;
			sourceTree = "<group>";
		};
		B02035242D1045CA00E61E49 /* tensorflow */ = {
			isa = PBXGroup;
			children = (
				B02035232D1045CA00E61E49 /* lite */,
			);
			path = tensorflow;
			sourceTree = "<group>";
		};
		B02035272D1045CA00E61E49 /* LiteRTSwift */ = {
			isa = PBXGroup;
			children = (
				B02035242D1045CA00E61E49 /* tensorflow */,
				B02035252D1045CA00E61E49 /* LICENSE */,
				B02035262D1045CA00E61E49 /* README.md */,
			);
			path = LiteRTSwift;
			sourceTree = "<group>";
		};
		B02035282D1045CA00E61E49 /* Local Podspecs */ = {
			isa = PBXGroup;
			children = (
			);
			path = "Local Podspecs";
			sourceTree = "<group>";
		};
		B02035312D1045CA00E61E49 /* LiteRTC */ = {
			isa = PBXGroup;
			children = (
				B02035292D1045CA00E61E49 /* LiteRTC-xcframeworks.sh */,
				B020352A2D1045CA00E61E49 /* LiteRTC-xcframeworks-input-files.xcfilelist */,
				B020352B2D1045CA00E61E49 /* LiteRTC-xcframeworks-output-files.xcfilelist */,
				B020352C2D1045CA00E61E49 /* LiteRTC.debug.xcconfig */,
				B020352D2D1045CA00E61E49 /* LiteRTC.release.xcconfig */,
				B020352E2D1045CA00E61E49 /* ResourceBundle-TensorFlowLiteC-LiteRTC-Info.plist */,
				B020352F2D1045CA00E61E49 /* ResourceBundle-TensorFlowLiteCCoreML-LiteRTC-Info.plist */,
				B02035302D1045CA00E61E49 /* ResourceBundle-TensorFlowLiteCMetal-LiteRTC-Info.plist */,
			);
			path = LiteRTC;
			sourceTree = "<group>";
		};
		B020353A2D1045CA00E61E49 /* LiteRTSwift */ = {
			isa = PBXGroup;
			children = (
				B02035322D1045CA00E61E49 /* LiteRTSwift.modulemap */,
				B02035332D1045CA00E61E49 /* LiteRTSwift-dummy.m */,
				B02035342D1045CA00E61E49 /* LiteRTSwift-Info.plist */,
				B02035352D1045CA00E61E49 /* LiteRTSwift-prefix.pch */,
				B02035362D1045CA00E61E49 /* LiteRTSwift-umbrella.h */,
				B02035372D1045CA00E61E49 /* LiteRTSwift.debug.xcconfig */,
				B02035382D1045CA00E61E49 /* LiteRTSwift.release.xcconfig */,
				B02035392D1045CA00E61E49 /* ResourceBundle-TensorFlowLite-LiteRTSwift-Info.plist */,
			);
			path = LiteRTSwift;
			sourceTree = "<group>";
		};
		B02035482D1045CA00E61E49 /* Pods-PoseCamera */ = {
			isa = PBXGroup;
			children = (
				B020353B2D1045CA00E61E49 /* Pods-PoseCamera.modulemap */,
				B020353C2D1045CA00E61E49 /* Pods-PoseCamera-acknowledgements.markdown */,
				B020353D2D1045CA00E61E49 /* Pods-PoseCamera-acknowledgements.plist */,
				B020353E2D1045CA00E61E49 /* Pods-PoseCamera-dummy.m */,
				B020353F2D1045CA00E61E49 /* Pods-PoseCamera-Info.plist */,
				B02035402D1045CA00E61E49 /* Pods-PoseCamera-resources.sh */,
				B02035412D1045CA00E61E49 /* Pods-PoseCamera-resources-Debug-input-files.xcfilelist */,
				B02035422D1045CA00E61E49 /* Pods-PoseCamera-resources-Debug-output-files.xcfilelist */,
				B02035432D1045CA00E61E49 /* Pods-PoseCamera-resources-Release-input-files.xcfilelist */,
				B02035442D1045CA00E61E49 /* Pods-PoseCamera-resources-Release-output-files.xcfilelist */,
				B02035452D1045CA00E61E49 /* Pods-PoseCamera-umbrella.h */,
				B02035462D1045CA00E61E49 /* Pods-PoseCamera.debug.xcconfig */,
				B02035472D1045CA00E61E49 /* Pods-PoseCamera.release.xcconfig */,
			);
			path = "Pods-PoseCamera";
			sourceTree = "<group>";
		};
		B02035562D1045CA00E61E49 /* Pods-PoseCamera-PoseCameraUITests */ = {
			isa = PBXGroup;
			children = (
				B02035492D1045CA00E61E49 /* Pods-PoseCamera-PoseCameraUITests.modulemap */,
				B020354A2D1045CA00E61E49 /* Pods-PoseCamera-PoseCameraUITests-acknowledgements.markdown */,
				B020354B2D1045CA00E61E49 /* Pods-PoseCamera-PoseCameraUITests-acknowledgements.plist */,
				B020354C2D1045CA00E61E49 /* Pods-PoseCamera-PoseCameraUITests-dummy.m */,
				B020354D2D1045CA00E61E49 /* Pods-PoseCamera-PoseCameraUITests-Info.plist */,
				B020354E2D1045CA00E61E49 /* Pods-PoseCamera-PoseCameraUITests-resources.sh */,
				B020354F2D1045CA00E61E49 /* Pods-PoseCamera-PoseCameraUITests-resources-Debug-input-files.xcfilelist */,
				B02035502D1045CA00E61E49 /* Pods-PoseCamera-PoseCameraUITests-resources-Debug-output-files.xcfilelist */,
				B02035512D1045CA00E61E49 /* Pods-PoseCamera-PoseCameraUITests-resources-Release-input-files.xcfilelist */,
				B02035522D1045CA00E61E49 /* Pods-PoseCamera-PoseCameraUITests-resources-Release-output-files.xcfilelist */,
				B02035532D1045CA00E61E49 /* Pods-PoseCamera-PoseCameraUITests-umbrella.h */,
				B02035542D1045CA00E61E49 /* Pods-PoseCamera-PoseCameraUITests.debug.xcconfig */,
				B02035552D1045CA00E61E49 /* Pods-PoseCamera-PoseCameraUITests.release.xcconfig */,
			);
			path = "Pods-PoseCamera-PoseCameraUITests";
			sourceTree = "<group>";
		};
		B020355F2D1045CA00E61E49 /* Pods-PoseCameraTests */ = {
			isa = PBXGroup;
			children = (
				B02035572D1045CA00E61E49 /* Pods-PoseCameraTests.modulemap */,
				B02035582D1045CA00E61E49 /* Pods-PoseCameraTests-acknowledgements.markdown */,
				B02035592D1045CA00E61E49 /* Pods-PoseCameraTests-acknowledgements.plist */,
				B020355A2D1045CA00E61E49 /* Pods-PoseCameraTests-dummy.m */,
				B020355B2D1045CA00E61E49 /* Pods-PoseCameraTests-Info.plist */,
				B020355C2D1045CA00E61E49 /* Pods-PoseCameraTests-umbrella.h */,
				B020355D2D1045CA00E61E49 /* Pods-PoseCameraTests.debug.xcconfig */,
				B020355E2D1045CA00E61E49 /* Pods-PoseCameraTests.release.xcconfig */,
			);
			path = "Pods-PoseCameraTests";
			sourceTree = "<group>";
		};
		B02035602D1045CA00E61E49 /* Target Support Files */ = {
			isa = PBXGroup;
			children = (
				B02035312D1045CA00E61E49 /* LiteRTC */,
				B020353A2D1045CA00E61E49 /* LiteRTSwift */,
				B02035482D1045CA00E61E49 /* Pods-PoseCamera */,
				B02035562D1045CA00E61E49 /* Pods-PoseCamera-PoseCameraUITests */,
				B020355F2D1045CA00E61E49 /* Pods-PoseCameraTests */,
			);
			path = "Target Support Files";
			sourceTree = "<group>";
		};
		B02035622D1045CA00E61E49 /* Pods */ = {
			isa = PBXGroup;
			children = (
				B020350F2D1045CA00E61E49 /* Headers */,
				B02035142D1045CA00E61E49 /* LiteRTC */,
				B02035272D1045CA00E61E49 /* LiteRTSwift */,
				B02035282D1045CA00E61E49 /* Local Podspecs */,
				B02035602D1045CA00E61E49 /* Target Support Files */,
				B02035612D1045CA00E61E49 /* Manifest.lock */,
			);
			path = Pods;
			sourceTree = "<group>";
		};
		B02035682D10542D00E61E49 /* PoseCameraTests */ = {
			isa = PBXGroup;
			children = (
				B02035672D10542D00E61E49 /* PoseCameraTests.swift */,
			);
			path = PoseCameraTests;
			sourceTree = "<group>";
		};
		B020356A2D10545500E61E49 /* Predictor */ = {
			isa = PBXGroup;
			children = (
			);
			path = Predictor;
			sourceTree = "<group>";
		};
		B023B68C2CCE8B5B00766BB3 /* Extentions */ = {
			isa = PBXGroup;
			children = (
				B023B6892CCE8B5B00766BB3 /* CGSize+TFLite.swift */,
				B023B68A2CCE8B5B00766BB3 /* CVPixelBuffer+TFLite.swift */,
				B023B68B2CCE8B5B00766BB3 /* Data+TFLite.swift */,
			);
			path = Extentions;
			sourceTree = "<group>";
		};
		B023B6952CCE8B5B00766BB3 /* Model */ = {
			isa = PBXGroup;
			children = (
				B023B68D2CCE8B5B00766BB3 /* MoveNet.swift */,
				B023B68E2CCE8B5B00766BB3 /* movenet_lightning.tflite */,
				B023B68F2CCE8B5B00766BB3 /* movenet_thunder.tflite */,
				B023B6902CCE8B5B00766BB3 /* PoseConfig.swift */,
				B023B6912CCE8B5B00766BB3 /* PoseData.swift */,
				B023B6922CCE8B5B00766BB3 /* PoseEstimator.swift */,
				B023B6932CCE8B5B00766BB3 /* posenet.tflite */,
				B023B6942CCE8B5B00766BB3 /* PoseNet.swift */,
			);
			path = Model;
			sourceTree = "<group>";
		};
		B023B6972CCE8B5B00766BB3 /* Preview Content */ = {
			isa = PBXGroup;
			children = (
				B023B6962CCE8B5B00766BB3 /* Preview Assets.xcassets */,
			);
			path = "Preview Content";
			sourceTree = "<group>";
		};
		B023B69C2CCE8B5B00766BB3 /* View */ = {
			isa = PBXGroup;
			children = (
				B053839D2D0EC842004D889D /* ContactView.swift */,
				B053839F2D0ED058004D889D /* DonateView.swift */,
				B023B6982CCE8B5B00766BB3 /* OverlayView.swift */,
				B023B6992CCE8B5B00766BB3 /* SimpleVideoCaptureInteractor.swift */,
				B023B69A2CCE8B5B00766BB3 /* SimpleVideoCapturePresenter.swift */,
				B023B69B2CCE8B5B00766BB3 /* SimpleVideoCaptureView.swift */,
			);
			path = View;
			sourceTree = "<group>";
		};
		B023B6A12CCE8B5B00766BB3 /* PoseCamera */ = {
			isa = PBXGroup;
			children = (
				B0AD6E5F2D1661F600EC73D3 /* Info.plist */,
				B020356A2D10545500E61E49 /* Predictor */,
				B023B68C2CCE8B5B00766BB3 /* Extentions */,
				B023B6952CCE8B5B00766BB3 /* Model */,
				B023B6972CCE8B5B00766BB3 /* Preview Content */,
				B023B69C2CCE8B5B00766BB3 /* View */,
				B023B69D2CCE8B5B00766BB3 /* Assets.xcassets */,
				B023B6A02CCE8B5B00766BB3 /* PoseCameraApp.swift */,
			);
			path = PoseCamera;
			sourceTree = "<group>";
		};
		B023B6BB2CCE8B6000766BB3 /* PoseCameraUITests */ = {
			isa = PBXGroup;
			children = (
				B023B6B92CCE8B6000766BB3 /* PoseCameraUITests.swift */,
				B023B6BA2CCE8B6000766BB3 /* PoseCameraUITestsLaunchTests.swift */,
			);
			path = PoseCameraUITests;
			sourceTree = "<group>";
		};
/* End PBXGroup section */

/* Begin PBXNativeTarget section */
		B005AE6F2CCD2A2E00482E55 /* PoseCamera */ = {
			isa = PBXNativeTarget;
			buildConfigurationList = B005AE962CCD2A3000482E55 /* Build configuration list for PBXNativeTarget "PoseCamera" */;
			buildPhases = (
				E4829D7AF6FAEAECEB1780C2 /* [CP] Check Pods Manifest.lock */,
				B005AE6C2CCD2A2E00482E55 /* Sources */,
				B005AE6D2CCD2A2E00482E55 /* Frameworks */,
				B005AE6E2CCD2A2E00482E55 /* Resources */,
				D8EAE85E219696174CEE13B8 /* [CP] Copy Pods Resources */,
			);
			buildRules = (
			);
			dependencies = (
			);
			name = PoseCamera;
			productName = PoseCamera;
			productReference = B005AE702CCD2A2E00482E55 /* PoseCamera.app */;
			productType = "com.apple.product-type.application";
		};
		B005AE812CCD2A3000482E55 /* PoseCameraTests */ = {
			isa = PBXNativeTarget;
			buildConfigurationList = B005AE992CCD2A3000482E55 /* Build configuration list for PBXNativeTarget "PoseCameraTests" */;
			buildPhases = (
				2679629FD6CB20DCBD7477B1 /* [CP] Check Pods Manifest.lock */,
				B005AE7E2CCD2A3000482E55 /* Sources */,
				B005AE7F2CCD2A3000482E55 /* Frameworks */,
				B005AE802CCD2A3000482E55 /* Resources */,
			);
			buildRules = (
			);
			dependencies = (
				B005AE842CCD2A3000482E55 /* PBXTargetDependency */,
			);
			name = PoseCameraTests;
			productName = PoseCameraTests;
			productReference = B005AE822CCD2A3000482E55 /* PoseCameraTests.xctest */;
			productType = "com.apple.product-type.bundle.unit-test";
		};
		B005AE8B2CCD2A3000482E55 /* PoseCameraUITests */ = {
			isa = PBXNativeTarget;
			buildConfigurationList = B005AE9C2CCD2A3000482E55 /* Build configuration list for PBXNativeTarget "PoseCameraUITests" */;
			buildPhases = (
				182662919FE496D3E52BB316 /* [CP] Check Pods Manifest.lock */,
				B005AE882CCD2A3000482E55 /* Sources */,
				B005AE892CCD2A3000482E55 /* Frameworks */,
				B005AE8A2CCD2A3000482E55 /* Resources */,
				CAF7B57CB98815AA43A97824 /* [CP] Copy Pods Resources */,
			);
			buildRules = (
			);
			dependencies = (
				B005AE8E2CCD2A3000482E55 /* PBXTargetDependency */,
			);
			name = PoseCameraUITests;
			productName = PoseCameraUITests;
			productReference = B005AE8C2CCD2A3000482E55 /* PoseCameraUITests.xctest */;
			productType = "com.apple.product-type.bundle.ui-testing";
		};
/* End PBXNativeTarget section */

/* Begin PBXProject section */
		B005AE682CCD2A2E00482E55 /* Project object */ = {
			isa = PBXProject;
			attributes = {
				BuildIndependentTargetsInParallel = 1;
				LastSwiftUpdateCheck = 1600;
				LastUpgradeCheck = 1620;
				TargetAttributes = {
					B005AE6F2CCD2A2E00482E55 = {
						CreatedOnToolsVersion = 16.0;
					};
					B005AE812CCD2A3000482E55 = {
						CreatedOnToolsVersion = 16.0;
						TestTargetID = B005AE6F2CCD2A2E00482E55;
					};
					B005AE8B2CCD2A3000482E55 = {
						CreatedOnToolsVersion = 16.0;
						TestTargetID = B005AE6F2CCD2A2E00482E55;
					};
				};
			};
			buildConfigurationList = B005AE6B2CCD2A2E00482E55 /* Build configuration list for PBXProject "PoseCamera" */;
			compatibilityVersion = "Xcode 15.3";
			developmentRegion = en;
			hasScannedForEncodings = 0;
			knownRegions = (
				en,
				ja,
				Base,
				cs,
			);
			mainGroup = B005AE672CCD2A2E00482E55;
			minimizedProjectReferenceProxies = 1;
			packageReferences = (
				B0AD6E5A2D119B3B00EC73D3 /* XCRemoteSwiftPackageReference "confetti-swiftui" */,
			);
			productRefGroup = B005AE712CCD2A2E00482E55 /* Products */;
			projectDirPath = "";
			projectRoot = "";
			targets = (
				B005AE6F2CCD2A2E00482E55 /* PoseCamera */,
				B005AE812CCD2A3000482E55 /* PoseCameraTests */,
				B005AE8B2CCD2A3000482E55 /* PoseCameraUITests */,
			);
		};
/* End PBXProject section */

/* Begin PBXResourcesBuildPhase section */
		B005AE6E2CCD2A2E00482E55 /* Resources */ = {
			isa = PBXResourcesBuildPhase;
			buildActionMask = 2147483647;
			files = (
				B023B6B12CCE8B5B00766BB3 /* movenet_lightning.tflite in Resources */,
				B023B6B22CCE8B5B00766BB3 /* movenet_thunder.tflite in Resources */,
				B0AD6E5E2D15AF7900EC73D3 /* Localizable.xcstrings in Resources */,
				B023B6B32CCE8B5B00766BB3 /* posenet.tflite in Resources */,
				B023B6B42CCE8B5B00766BB3 /* Preview Assets.xcassets in Resources */,
				B023B6B52CCE8B5B00766BB3 /* Assets.xcassets in Resources */,
			);
			runOnlyForDeploymentPostprocessing = 0;
		};
		B005AE802CCD2A3000482E55 /* Resources */ = {
			isa = PBXResourcesBuildPhase;
			buildActionMask = 2147483647;
			files = (
			);
			runOnlyForDeploymentPostprocessing = 0;
		};
		B005AE8A2CCD2A3000482E55 /* Resources */ = {
			isa = PBXResourcesBuildPhase;
			buildActionMask = 2147483647;
			files = (
			);
			runOnlyForDeploymentPostprocessing = 0;
		};
/* End PBXResourcesBuildPhase section */

/* Begin PBXShellScriptBuildPhase section */
		182662919FE496D3E52BB316 /* [CP] Check Pods Manifest.lock */ = {
			isa = PBXShellScriptBuildPhase;
			buildActionMask = 2147483647;
			files = (
			);
			inputFileListPaths = (
			);
			inputPaths = (
				"${PODS_PODFILE_DIR_PATH}/Podfile.lock",
				"${PODS_ROOT}/Manifest.lock",
			);
			name = "[CP] Check Pods Manifest.lock";
			outputFileListPaths = (
			);
			outputPaths = (
				"$(DERIVED_FILE_DIR)/Pods-PoseCamera-PoseCameraUITests-checkManifestLockResult.txt",
			);
			runOnlyForDeploymentPostprocessing = 0;
			shellPath = /bin/sh;
			shellScript = "diff \"${PODS_PODFILE_DIR_PATH}/Podfile.lock\" \"${PODS_ROOT}/Manifest.lock\" > /dev/null\nif [ $? != 0 ] ; then\n    # print error to STDERR\n    echo \"error: The sandbox is not in sync with the Podfile.lock. Run 'pod install' or update your CocoaPods installation.\" >&2\n    exit 1\nfi\n# This output is used by Xcode 'outputs' to avoid re-running this script phase.\necho \"SUCCESS\" > \"${SCRIPT_OUTPUT_FILE_0}\"\n";
			showEnvVarsInLog = 0;
		};
		2679629FD6CB20DCBD7477B1 /* [CP] Check Pods Manifest.lock */ = {
			isa = PBXShellScriptBuildPhase;
			buildActionMask = 2147483647;
			files = (
			);
			inputFileListPaths = (
			);
			inputPaths = (
				"${PODS_PODFILE_DIR_PATH}/Podfile.lock",
				"${PODS_ROOT}/Manifest.lock",
			);
			name = "[CP] Check Pods Manifest.lock";
			outputFileListPaths = (
			);
			outputPaths = (
				"$(DERIVED_FILE_DIR)/Pods-PoseCameraTests-checkManifestLockResult.txt",
			);
			runOnlyForDeploymentPostprocessing = 0;
			shellPath = /bin/sh;
			shellScript = "diff \"${PODS_PODFILE_DIR_PATH}/Podfile.lock\" \"${PODS_ROOT}/Manifest.lock\" > /dev/null\nif [ $? != 0 ] ; then\n    # print error to STDERR\n    echo \"error: The sandbox is not in sync with the Podfile.lock. Run 'pod install' or update your CocoaPods installation.\" >&2\n    exit 1\nfi\n# This output is used by Xcode 'outputs' to avoid re-running this script phase.\necho \"SUCCESS\" > \"${SCRIPT_OUTPUT_FILE_0}\"\n";
			showEnvVarsInLog = 0;
		};
		CAF7B57CB98815AA43A97824 /* [CP] Copy Pods Resources */ = {
			isa = PBXShellScriptBuildPhase;
			buildActionMask = 2147483647;
			files = (
			);
			inputFileListPaths = (
				"${PODS_ROOT}/Target Support Files/Pods-PoseCamera-PoseCameraUITests/Pods-PoseCamera-PoseCameraUITests-resources-${CONFIGURATION}-input-files.xcfilelist",
			);
			name = "[CP] Copy Pods Resources";
			outputFileListPaths = (
				"${PODS_ROOT}/Target Support Files/Pods-PoseCamera-PoseCameraUITests/Pods-PoseCamera-PoseCameraUITests-resources-${CONFIGURATION}-output-files.xcfilelist",
			);
			runOnlyForDeploymentPostprocessing = 0;
			shellPath = /bin/sh;
			shellScript = "\"${PODS_ROOT}/Target Support Files/Pods-PoseCamera-PoseCameraUITests/Pods-PoseCamera-PoseCameraUITests-resources.sh\"\n";
			showEnvVarsInLog = 0;
		};
		D8EAE85E219696174CEE13B8 /* [CP] Copy Pods Resources */ = {
			isa = PBXShellScriptBuildPhase;
			buildActionMask = 2147483647;
			files = (
			);
			inputFileListPaths = (
				"${PODS_ROOT}/Target Support Files/Pods-PoseCamera/Pods-PoseCamera-resources-${CONFIGURATION}-input-files.xcfilelist",
			);
			name = "[CP] Copy Pods Resources";
			outputFileListPaths = (
				"${PODS_ROOT}/Target Support Files/Pods-PoseCamera/Pods-PoseCamera-resources-${CONFIGURATION}-output-files.xcfilelist",
			);
			runOnlyForDeploymentPostprocessing = 0;
			shellPath = /bin/sh;
			shellScript = "\"${PODS_ROOT}/Target Support Files/Pods-PoseCamera/Pods-PoseCamera-resources.sh\"\n";
			showEnvVarsInLog = 0;
		};
		E4829D7AF6FAEAECEB1780C2 /* [CP] Check Pods Manifest.lock */ = {
			isa = PBXShellScriptBuildPhase;
			buildActionMask = 2147483647;
			files = (
			);
			inputFileListPaths = (
			);
			inputPaths = (
				"${PODS_PODFILE_DIR_PATH}/Podfile.lock",
				"${PODS_ROOT}/Manifest.lock",
			);
			name = "[CP] Check Pods Manifest.lock";
			outputFileListPaths = (
			);
			outputPaths = (
				"$(DERIVED_FILE_DIR)/Pods-PoseCamera-checkManifestLockResult.txt",
			);
			runOnlyForDeploymentPostprocessing = 0;
			shellPath = /bin/sh;
			shellScript = "diff \"${PODS_PODFILE_DIR_PATH}/Podfile.lock\" \"${PODS_ROOT}/Manifest.lock\" > /dev/null\nif [ $? != 0 ] ; then\n    # print error to STDERR\n    echo \"error: The sandbox is not in sync with the Podfile.lock. Run 'pod install' or update your CocoaPods installation.\" >&2\n    exit 1\nfi\n# This output is used by Xcode 'outputs' to avoid re-running this script phase.\necho \"SUCCESS\" > \"${SCRIPT_OUTPUT_FILE_0}\"\n";
			showEnvVarsInLog = 0;
		};
/* End PBXShellScriptBuildPhase section */

/* Begin PBXSourcesBuildPhase section */
		B005AE6C2CCD2A2E00482E55 /* Sources */ = {
			isa = PBXSourcesBuildPhase;
			buildActionMask = 2147483647;
			files = (
				B023B6A22CCE8B5B00766BB3 /* CGSize+TFLite.swift in Sources */,
				B023B6A32CCE8B5B00766BB3 /* CVPixelBuffer+TFLite.swift in Sources */,
				B023B6A42CCE8B5B00766BB3 /* Data+TFLite.swift in Sources */,
				B023B6A52CCE8B5B00766BB3 /* MoveNet.swift in Sources */,
				B023B6A62CCE8B5B00766BB3 /* PoseConfig.swift in Sources */,
				B023B6A72CCE8B5B00766BB3 /* PoseData.swift in Sources */,
				B023B6A82CCE8B5B00766BB3 /* PoseEstimator.swift in Sources */,
				B023B6A92CCE8B5B00766BB3 /* PoseNet.swift in Sources */,
				B023B6AA2CCE8B5B00766BB3 /* OverlayView.swift in Sources */,
				B023B6AB2CCE8B5B00766BB3 /* SimpleVideoCaptureInteractor.swift in Sources */,
				B023B6AC2CCE8B5B00766BB3 /* SimpleVideoCapturePresenter.swift in Sources */,
				B05383A02D0ED05C004D889D /* DonateView.swift in Sources */,
				B053839E2D0EC845004D889D /* ContactView.swift in Sources */,
				B023B6AD2CCE8B5B00766BB3 /* SimpleVideoCaptureView.swift in Sources */,
				B023B6B02CCE8B5B00766BB3 /* PoseCameraApp.swift in Sources */,
			);
			runOnlyForDeploymentPostprocessing = 0;
		};
		B005AE7E2CCD2A3000482E55 /* Sources */ = {
			isa = PBXSourcesBuildPhase;
			buildActionMask = 2147483647;
			files = (
				B02035692D10542D00E61E49 /* PoseCameraTests.swift in Sources */,
			);
			runOnlyForDeploymentPostprocessing = 0;
		};
		B005AE882CCD2A3000482E55 /* Sources */ = {
			isa = PBXSourcesBuildPhase;
			buildActionMask = 2147483647;
			files = (
				B023B6BC2CCE8B6000766BB3 /* PoseCameraUITests.swift in Sources */,
				B023B6BD2CCE8B6000766BB3 /* PoseCameraUITestsLaunchTests.swift in Sources */,
			);
			runOnlyForDeploymentPostprocessing = 0;
		};
/* End PBXSourcesBuildPhase section */

/* Begin PBXTargetDependency section */
		B005AE842CCD2A3000482E55 /* PBXTargetDependency */ = {
			isa = PBXTargetDependency;
			target = B005AE6F2CCD2A2E00482E55 /* PoseCamera */;
			targetProxy = B005AE832CCD2A3000482E55 /* PBXContainerItemProxy */;
		};
		B005AE8E2CCD2A3000482E55 /* PBXTargetDependency */ = {
			isa = PBXTargetDependency;
			target = B005AE6F2CCD2A2E00482E55 /* PoseCamera */;
			targetProxy = B005AE8D2CCD2A3000482E55 /* PBXContainerItemProxy */;
		};
/* End PBXTargetDependency section */

/* Begin XCBuildConfiguration section */
		B005AE942CCD2A3000482E55 /* Debug */ = {
			isa = XCBuildConfiguration;
			buildSettings = {
				ALWAYS_SEARCH_USER_PATHS = NO;
				ASSETCATALOG_COMPILER_GENERATE_SWIFT_ASSET_SYMBOL_EXTENSIONS = YES;
				CLANG_ANALYZER_LOCALIZABILITY_NONLOCALIZED = YES;
				CLANG_ANALYZER_NONNULL = YES;
				CLANG_ANALYZER_NUMBER_OBJECT_CONVERSION = YES_AGGRESSIVE;
				CLANG_CXX_LANGUAGE_STANDARD = "gnu++20";
				CLANG_ENABLE_MODULES = YES;
				CLANG_ENABLE_OBJC_ARC = YES;
				CLANG_ENABLE_OBJC_WEAK = YES;
				CLANG_WARN_BLOCK_CAPTURE_AUTORELEASING = YES;
				CLANG_WARN_BOOL_CONVERSION = YES;
				CLANG_WARN_COMMA = YES;
				CLANG_WARN_CONSTANT_CONVERSION = YES;
				CLANG_WARN_DEPRECATED_OBJC_IMPLEMENTATIONS = YES;
				CLANG_WARN_DIRECT_OBJC_ISA_USAGE = YES_ERROR;
				CLANG_WARN_DOCUMENTATION_COMMENTS = YES;
				CLANG_WARN_EMPTY_BODY = YES;
				CLANG_WARN_ENUM_CONVERSION = YES;
				CLANG_WARN_INFINITE_RECURSION = YES;
				CLANG_WARN_INT_CONVERSION = YES;
				CLANG_WARN_NON_LITERAL_NULL_CONVERSION = YES;
				CLANG_WARN_OBJC_IMPLICIT_RETAIN_SELF = YES;
				CLANG_WARN_OBJC_LITERAL_CONVERSION = YES;
				CLANG_WARN_OBJC_ROOT_CLASS = YES_ERROR;
				CLANG_WARN_QUOTED_INCLUDE_IN_FRAMEWORK_HEADER = YES;
				CLANG_WARN_RANGE_LOOP_ANALYSIS = YES;
				CLANG_WARN_STRICT_PROTOTYPES = YES;
				CLANG_WARN_SUSPICIOUS_MOVE = YES;
				CLANG_WARN_UNGUARDED_AVAILABILITY = YES_AGGRESSIVE;
				CLANG_WARN_UNREACHABLE_CODE = YES;
				CLANG_WARN__DUPLICATE_METHOD_MATCH = YES;
				COPY_PHASE_STRIP = NO;
				DEBUG_INFORMATION_FORMAT = dwarf;
				ENABLE_STRICT_OBJC_MSGSEND = YES;
				ENABLE_TESTABILITY = YES;
				ENABLE_USER_SCRIPT_SANDBOXING = YES;
				GCC_C_LANGUAGE_STANDARD = gnu17;
				GCC_DYNAMIC_NO_PIC = NO;
				GCC_NO_COMMON_BLOCKS = YES;
				GCC_OPTIMIZATION_LEVEL = 0;
				GCC_PREPROCESSOR_DEFINITIONS = (
					"DEBUG=1",
					"$(inherited)",
				);
				GCC_WARN_64_TO_32_BIT_CONVERSION = YES;
				GCC_WARN_ABOUT_RETURN_TYPE = YES_ERROR;
				GCC_WARN_UNDECLARED_SELECTOR = YES;
				GCC_WARN_UNINITIALIZED_AUTOS = YES_AGGRESSIVE;
				GCC_WARN_UNUSED_FUNCTION = YES;
				GCC_WARN_UNUSED_VARIABLE = YES;
				IPHONEOS_DEPLOYMENT_TARGET = 17.6;
				LOCALIZATION_PREFERS_STRING_CATALOGS = YES;
				MTL_ENABLE_DEBUG_INFO = INCLUDE_SOURCE;
				MTL_FAST_MATH = YES;
				ONLY_ACTIVE_ARCH = YES;
				SDKROOT = iphoneos;
				SWIFT_ACTIVE_COMPILATION_CONDITIONS = "DEBUG $(inherited)";
				SWIFT_EMIT_LOC_STRINGS = YES;
				SWIFT_OPTIMIZATION_LEVEL = "-Onone";
			};
			name = Debug;
		};
		B005AE952CCD2A3000482E55 /* Release */ = {
			isa = XCBuildConfiguration;
			buildSettings = {
				ALWAYS_SEARCH_USER_PATHS = NO;
				ASSETCATALOG_COMPILER_GENERATE_SWIFT_ASSET_SYMBOL_EXTENSIONS = YES;
				CLANG_ANALYZER_LOCALIZABILITY_NONLOCALIZED = YES;
				CLANG_ANALYZER_NONNULL = YES;
				CLANG_ANALYZER_NUMBER_OBJECT_CONVERSION = YES_AGGRESSIVE;
				CLANG_CXX_LANGUAGE_STANDARD = "gnu++20";
				CLANG_ENABLE_MODULES = YES;
				CLANG_ENABLE_OBJC_ARC = YES;
				CLANG_ENABLE_OBJC_WEAK = YES;
				CLANG_WARN_BLOCK_CAPTURE_AUTORELEASING = YES;
				CLANG_WARN_BOOL_CONVERSION = YES;
				CLANG_WARN_COMMA = YES;
				CLANG_WARN_CONSTANT_CONVERSION = YES;
				CLANG_WARN_DEPRECATED_OBJC_IMPLEMENTATIONS = YES;
				CLANG_WARN_DIRECT_OBJC_ISA_USAGE = YES_ERROR;
				CLANG_WARN_DOCUMENTATION_COMMENTS = YES;
				CLANG_WARN_EMPTY_BODY = YES;
				CLANG_WARN_ENUM_CONVERSION = YES;
				CLANG_WARN_INFINITE_RECURSION = YES;
				CLANG_WARN_INT_CONVERSION = YES;
				CLANG_WARN_NON_LITERAL_NULL_CONVERSION = YES;
				CLANG_WARN_OBJC_IMPLICIT_RETAIN_SELF = YES;
				CLANG_WARN_OBJC_LITERAL_CONVERSION = YES;
				CLANG_WARN_OBJC_ROOT_CLASS = YES_ERROR;
				CLANG_WARN_QUOTED_INCLUDE_IN_FRAMEWORK_HEADER = YES;
				CLANG_WARN_RANGE_LOOP_ANALYSIS = YES;
				CLANG_WARN_STRICT_PROTOTYPES = YES;
				CLANG_WARN_SUSPICIOUS_MOVE = YES;
				CLANG_WARN_UNGUARDED_AVAILABILITY = YES_AGGRESSIVE;
				CLANG_WARN_UNREACHABLE_CODE = YES;
				CLANG_WARN__DUPLICATE_METHOD_MATCH = YES;
				COPY_PHASE_STRIP = NO;
				DEBUG_INFORMATION_FORMAT = "dwarf-with-dsym";
				ENABLE_NS_ASSERTIONS = NO;
				ENABLE_STRICT_OBJC_MSGSEND = YES;
				ENABLE_USER_SCRIPT_SANDBOXING = YES;
				GCC_C_LANGUAGE_STANDARD = gnu17;
				GCC_NO_COMMON_BLOCKS = YES;
				GCC_WARN_64_TO_32_BIT_CONVERSION = YES;
				GCC_WARN_ABOUT_RETURN_TYPE = YES_ERROR;
				GCC_WARN_UNDECLARED_SELECTOR = YES;
				GCC_WARN_UNINITIALIZED_AUTOS = YES_AGGRESSIVE;
				GCC_WARN_UNUSED_FUNCTION = YES;
				GCC_WARN_UNUSED_VARIABLE = YES;
				IPHONEOS_DEPLOYMENT_TARGET = 17.6;
				LOCALIZATION_PREFERS_STRING_CATALOGS = YES;
				MTL_ENABLE_DEBUG_INFO = NO;
				MTL_FAST_MATH = YES;
				SDKROOT = iphoneos;
				SWIFT_COMPILATION_MODE = wholemodule;
				SWIFT_EMIT_LOC_STRINGS = YES;
				VALIDATE_PRODUCT = YES;
			};
			name = Release;
		};
		B005AE972CCD2A3000482E55 /* Debug */ = {
			isa = XCBuildConfiguration;
			baseConfigurationReference = BB16055E59065A9CC8145FCC /* Pods-PoseCamera.debug.xcconfig */;
			buildSettings = {
				ASSETCATALOG_COMPILER_APPICON_NAME = AppIcon;
				ASSETCATALOG_COMPILER_GLOBAL_ACCENT_COLOR_NAME = AccentColor;
				CODE_SIGN_STYLE = Automatic;
				CURRENT_PROJECT_VERSION = 1;
				DEVELOPMENT_ASSET_PATHS = "\"PoseCamera/Preview Content\"";
				DEVELOPMENT_TEAM = 957YJ3B6F4;
				ENABLE_PREVIEWS = YES;
				ENABLE_USER_SCRIPT_SANDBOXING = NO;
				GENERATE_INFOPLIST_FILE = YES;
				INFOPLIST_FILE = PoseCamera/Info.plist;
				INFOPLIST_KEY_CFBundleDisplayName = PoseCamera;
				INFOPLIST_KEY_LSApplicationCategoryType = "public.app-category.sports";
				INFOPLIST_KEY_NSCameraUsageDescription = "PoseCamera needs camera access.";
				INFOPLIST_KEY_NSPhotoLibraryUsageDescription = "PoseCamera needs photo library access.";
				INFOPLIST_KEY_UIApplicationSceneManifest_Generation = YES;
				INFOPLIST_KEY_UIApplicationSupportsIndirectInputEvents = YES;
				INFOPLIST_KEY_UILaunchScreen_Generation = YES;
				INFOPLIST_KEY_UISupportedInterfaceOrientations_iPad = "UIInterfaceOrientationPortrait UIInterfaceOrientationPortraitUpsideDown UIInterfaceOrientationLandscapeLeft UIInterfaceOrientationLandscapeRight";
				INFOPLIST_KEY_UISupportedInterfaceOrientations_iPhone = "UIInterfaceOrientationPortrait UIInterfaceOrientationLandscapeLeft UIInterfaceOrientationLandscapeRight";
				LD_RUNPATH_SEARCH_PATHS = (
					"$(inherited)",
					"@executable_path/Frameworks",
				);
				MARKETING_VERSION = 1.0;
				PRODUCT_BUNDLE_IDENTIFIER = kakeruhirokami.PoseCamera;
				PRODUCT_NAME = "$(TARGET_NAME)";
				SUPPORTED_PLATFORMS = "iphoneos iphonesimulator";
				SUPPORTS_MACCATALYST = NO;
				SUPPORTS_XR_DESIGNED_FOR_IPHONE_IPAD = NO;
				SWIFT_EMIT_LOC_STRINGS = YES;
				SWIFT_VERSION = 5.0;
				TARGETED_DEVICE_FAMILY = "1,2";
			};
			name = Debug;
		};
		B005AE982CCD2A3000482E55 /* Release */ = {
			isa = XCBuildConfiguration;
			baseConfigurationReference = 57569958791BF3EF1F975696 /* Pods-PoseCamera.release.xcconfig */;
			buildSettings = {
				ASSETCATALOG_COMPILER_APPICON_NAME = AppIcon;
				ASSETCATALOG_COMPILER_GLOBAL_ACCENT_COLOR_NAME = AccentColor;
				CODE_SIGN_STYLE = Automatic;
				CURRENT_PROJECT_VERSION = 1;
				DEVELOPMENT_ASSET_PATHS = "\"PoseCamera/Preview Content\"";
				DEVELOPMENT_TEAM = 957YJ3B6F4;
				ENABLE_PREVIEWS = YES;
				ENABLE_USER_SCRIPT_SANDBOXING = NO;
				GENERATE_INFOPLIST_FILE = YES;
				INFOPLIST_FILE = PoseCamera/Info.plist;
				INFOPLIST_KEY_CFBundleDisplayName = PoseCamera;
				INFOPLIST_KEY_LSApplicationCategoryType = "public.app-category.sports";
				INFOPLIST_KEY_NSCameraUsageDescription = "PoseCamera needs camera access.";
				INFOPLIST_KEY_NSPhotoLibraryUsageDescription = "PoseCamera needs photo library access.";
				INFOPLIST_KEY_UIApplicationSceneManifest_Generation = YES;
				INFOPLIST_KEY_UIApplicationSupportsIndirectInputEvents = YES;
				INFOPLIST_KEY_UILaunchScreen_Generation = YES;
				INFOPLIST_KEY_UISupportedInterfaceOrientations_iPad = "UIInterfaceOrientationPortrait UIInterfaceOrientationPortraitUpsideDown UIInterfaceOrientationLandscapeLeft UIInterfaceOrientationLandscapeRight";
				INFOPLIST_KEY_UISupportedInterfaceOrientations_iPhone = "UIInterfaceOrientationPortrait UIInterfaceOrientationLandscapeLeft UIInterfaceOrientationLandscapeRight";
				LD_RUNPATH_SEARCH_PATHS = (
					"$(inherited)",
					"@executable_path/Frameworks",
				);
				MARKETING_VERSION = 1.0;
				PRODUCT_BUNDLE_IDENTIFIER = kakeruhirokami.PoseCamera;
				PRODUCT_NAME = "$(TARGET_NAME)";
				SUPPORTED_PLATFORMS = "iphoneos iphonesimulator";
				SUPPORTS_MACCATALYST = NO;
				SUPPORTS_XR_DESIGNED_FOR_IPHONE_IPAD = NO;
				SWIFT_EMIT_LOC_STRINGS = YES;
				SWIFT_VERSION = 5.0;
				TARGETED_DEVICE_FAMILY = "1,2";
			};
			name = Release;
		};
		B005AE9A2CCD2A3000482E55 /* Debug */ = {
			isa = XCBuildConfiguration;
			baseConfigurationReference = 3B62C5F17380A497E8121291 /* Pods-PoseCameraTests.debug.xcconfig */;
			buildSettings = {
				BUNDLE_LOADER = "$(TEST_HOST)";
				CODE_SIGN_STYLE = Automatic;
				CURRENT_PROJECT_VERSION = 1;
				DEVELOPMENT_TEAM = 957YJ3B6F4;
				GENERATE_INFOPLIST_FILE = YES;
				IPHONEOS_DEPLOYMENT_TARGET = 18.0;
				MARKETING_VERSION = 1.0;
				PRODUCT_BUNDLE_IDENTIFIER = kakeruhirokami.PoseCameraTests;
				PRODUCT_NAME = "$(TARGET_NAME)";
				SWIFT_EMIT_LOC_STRINGS = NO;
				SWIFT_VERSION = 5.0;
				TARGETED_DEVICE_FAMILY = "1,2";
				TEST_HOST = "$(BUILT_PRODUCTS_DIR)/PoseCamera.app/$(BUNDLE_EXECUTABLE_FOLDER_PATH)/PoseCamera";
			};
			name = Debug;
		};
		B005AE9B2CCD2A3000482E55 /* Release */ = {
			isa = XCBuildConfiguration;
			baseConfigurationReference = 2559952EB0AB54CF63484BB2 /* Pods-PoseCameraTests.release.xcconfig */;
			buildSettings = {
				BUNDLE_LOADER = "$(TEST_HOST)";
				CODE_SIGN_STYLE = Automatic;
				CURRENT_PROJECT_VERSION = 1;
				DEVELOPMENT_TEAM = 957YJ3B6F4;
				GENERATE_INFOPLIST_FILE = YES;
				IPHONEOS_DEPLOYMENT_TARGET = 18.0;
				MARKETING_VERSION = 1.0;
				PRODUCT_BUNDLE_IDENTIFIER = kakeruhirokami.PoseCameraTests;
				PRODUCT_NAME = "$(TARGET_NAME)";
				SWIFT_EMIT_LOC_STRINGS = NO;
				SWIFT_VERSION = 5.0;
				TARGETED_DEVICE_FAMILY = "1,2";
				TEST_HOST = "$(BUILT_PRODUCTS_DIR)/PoseCamera.app/$(BUNDLE_EXECUTABLE_FOLDER_PATH)/PoseCamera";
			};
			name = Release;
		};
		B005AE9D2CCD2A3000482E55 /* Debug */ = {
			isa = XCBuildConfiguration;
			baseConfigurationReference = FBAD43D1910AD3CA1D23132B /* Pods-PoseCamera-PoseCameraUITests.debug.xcconfig */;
			buildSettings = {
				CODE_SIGN_STYLE = Automatic;
				CURRENT_PROJECT_VERSION = 1;
				DEVELOPMENT_TEAM = 957YJ3B6F4;
				GENERATE_INFOPLIST_FILE = YES;
				MARKETING_VERSION = 1.0;
				PRODUCT_BUNDLE_IDENTIFIER = kakeruhirokami.PoseCameraUITests;
				PRODUCT_NAME = "$(TARGET_NAME)";
				SWIFT_EMIT_LOC_STRINGS = NO;
				SWIFT_VERSION = 5.0;
				TARGETED_DEVICE_FAMILY = "1,2";
				TEST_TARGET_NAME = PoseCamera;
			};
			name = Debug;
		};
		B005AE9E2CCD2A3000482E55 /* Release */ = {
			isa = XCBuildConfiguration;
			baseConfigurationReference = D90700BAC735A53FEFD86111 /* Pods-PoseCamera-PoseCameraUITests.release.xcconfig */;
			buildSettings = {
				CODE_SIGN_STYLE = Automatic;
				CURRENT_PROJECT_VERSION = 1;
				DEVELOPMENT_TEAM = 957YJ3B6F4;
				GENERATE_INFOPLIST_FILE = YES;
				MARKETING_VERSION = 1.0;
				PRODUCT_BUNDLE_IDENTIFIER = kakeruhirokami.PoseCameraUITests;
				PRODUCT_NAME = "$(TARGET_NAME)";
				SWIFT_EMIT_LOC_STRINGS = NO;
				SWIFT_VERSION = 5.0;
				TARGETED_DEVICE_FAMILY = "1,2";
				TEST_TARGET_NAME = PoseCamera;
			};
			name = Release;
		};
/* End XCBuildConfiguration section */

/* Begin XCConfigurationList section */
		B005AE6B2CCD2A2E00482E55 /* Build configuration list for PBXProject "PoseCamera" */ = {
			isa = XCConfigurationList;
			buildConfigurations = (
				B005AE942CCD2A3000482E55 /* Debug */,
				B005AE952CCD2A3000482E55 /* Release */,
			);
			defaultConfigurationIsVisible = 0;
			defaultConfigurationName = Release;
		};
		B005AE962CCD2A3000482E55 /* Build configuration list for PBXNativeTarget "PoseCamera" */ = {
			isa = XCConfigurationList;
			buildConfigurations = (
				B005AE972CCD2A3000482E55 /* Debug */,
				B005AE982CCD2A3000482E55 /* Release */,
			);
			defaultConfigurationIsVisible = 0;
			defaultConfigurationName = Release;
		};
		B005AE992CCD2A3000482E55 /* Build configuration list for PBXNativeTarget "PoseCameraTests" */ = {
			isa = XCConfigurationList;
			buildConfigurations = (
				B005AE9A2CCD2A3000482E55 /* Debug */,
				B005AE9B2CCD2A3000482E55 /* Release */,
			);
			defaultConfigurationIsVisible = 0;
			defaultConfigurationName = Release;
		};
		B005AE9C2CCD2A3000482E55 /* Build configuration list for PBXNativeTarget "PoseCameraUITests" */ = {
			isa = XCConfigurationList;
			buildConfigurations = (
				B005AE9D2CCD2A3000482E55 /* Debug */,
				B005AE9E2CCD2A3000482E55 /* Release */,
			);
			defaultConfigurationIsVisible = 0;
			defaultConfigurationName = Release;
		};
/* End XCConfigurationList section */

/* Begin XCRemoteSwiftPackageReference section */
		B0AD6E5A2D119B3B00EC73D3 /* XCRemoteSwiftPackageReference "confetti-swiftui" */ = {
			isa = XCRemoteSwiftPackageReference;
			repositoryURL = "https://github.com/ottijp/confetti-swiftui";
			requirement = {
				kind = upToNextMajorVersion;
				minimumVersion = 0.1.0;
			};
		};
/* End XCRemoteSwiftPackageReference section */

/* Begin XCSwiftPackageProductDependency section */
		B0AD6E5B2D119C6700EC73D3 /* Confetti */ = {
			isa = XCSwiftPackageProductDependency;
			package = B0AD6E5A2D119B3B00EC73D3 /* XCRemoteSwiftPackageReference "confetti-swiftui" */;
			productName = Confetti;
		};
/* End XCSwiftPackageProductDependency section */
	};
	rootObject = B005AE682CCD2A2E00482E55 /* Project object */;
}
